
Microsoft Visual Studio Solution File, Format Version 12.00
# Visual Studio Version 17
VisualStudioVersion = 17.14.36518.9 d17.14
MinimumVisualStudioVersion = 10.0.40219.1
Project("{FAE04EC0-301F-11D3-BF4B-00C04F79EFBC}") = "Project3Vitour", "Project3Vitour.csproj", "{FF28DDAE-B58C-4CE8-9D96-13B7F2574B17}"
EndProject
Global
	GlobalSection(SolutionConfigurationPlatforms) = preSolution
		Debug|Any CPU = Debug|Any CPU
		Release|Any CPU = Release|Any CPU
	EndGlobalSection
	GlobalSection(ProjectConfigurationPlatforms) = postSolution
		{FF28DDAE-B58C-4CE8-9D96-13B7F2574B17}.Debug|Any CPU.ActiveCfg = Debug|Any CPU
		{FF28DDAE-B58C-4CE8-9D96-13B7F2574B17}.Debug|Any CPU.Build.0 = Debug|Any CPU
		{FF28DDAE-B58C-4CE8-9D96-13B7F2574B17}.Release|Any CPU.ActiveCfg = Release|Any CPU
		{FF28DDAE-B58C-4CE8-9D96-13B7F2574B17}.Release|Any CPU.Build.0 = Release|Any CPU
	EndGlobalSection
	GlobalSection(SolutionProperties) = preSolution
		HideSolutionNode = FALSE
	EndGlobalSection
	GlobalSection(ExtensibilityGlobals) = postSolution
		SolutionGuid = {B97AD817-56B0-49DE-AFE6-1BB732EBFE1D}
	EndGlobalSection
EndGlobal
